
Microsoft Visual Studio Solution File, Format Version 12.00
# Visual Studio Version 17
VisualStudioVersion = 17.0.32014.148
MinimumVisualStudioVersion = 10.0.40219.1
Project("{FAE04EC0-301F-11D3-BF4B-00C04F79EFBC}") = "Delegates", "Delegates\Delegates.csproj", "{53F7B38D-13F2-47C5-B651-11A5FAD01DD1}"
EndProject
Global
	GlobalSection(SolutionConfigurationPlatforms) = preSolution
		Debug|Any CPU = Debug|Any CPU
		Release|Any CPU = Release|Any CPU
	EndGlobalSection
	GlobalSection(ProjectConfigurationPlatforms) = postSolution
		{53F7B38D-13F2-47C5-B651-11A5FAD01DD1}.Debug|Any CPU.ActiveCfg = Debug|Any CPU
		{53F7B38D-13F2-47C5-B651-11A5FAD01DD1}.Debug|Any CPU.Build.0 = Debug|Any CPU
		{53F7B38D-13F2-47C5-B651-11A5FAD01DD1}.Release|Any CPU.ActiveCfg = Release|Any CPU
		{53F7B38D-13F2-47C5-B651-11A5FAD01DD1}.Release|Any CPU.Build.0 = Release|Any CPU
	EndGlobalSection
	GlobalSection(SolutionProperties) = preSolution
		HideSolutionNode = FALSE
	EndGlobalSection
	GlobalSection(ExtensibilityGlobals) = postSolution
		SolutionGuid = {53590FE0-A8BF-4520-A8F7-04AB5764C18C}
	EndGlobalSection
EndGlobal
