
Microsoft Visual Studio Solution File, Format Version 12.00
# Visual Studio Version 17
VisualStudioVersion = 17.0.32014.148
MinimumVisualStudioVersion = 10.0.40219.1
Project("{FAE04EC0-301F-11D3-BF4B-00C04F79EFBC}") = "InheridanceEmployees", "InheridanceEmployees\InheridanceEmployees.csproj", "{A210CFF5-A0D3-4954-8749-03E634A134F9}"
EndProject
Global
	GlobalSection(SolutionConfigurationPlatforms) = preSolution
		Debug|Any CPU = Debug|Any CPU
		Release|Any CPU = Release|Any CPU
	EndGlobalSection
	GlobalSection(ProjectConfigurationPlatforms) = postSolution
		{A210CFF5-A0D3-4954-8749-03E634A134F9}.Debug|Any CPU.ActiveCfg = Debug|Any CPU
		{A210CFF5-A0D3-4954-8749-03E634A134F9}.Debug|Any CPU.Build.0 = Debug|Any CPU
		{A210CFF5-A0D3-4954-8749-03E634A134F9}.Release|Any CPU.ActiveCfg = Release|Any CPU
		{A210CFF5-A0D3-4954-8749-03E634A134F9}.Release|Any CPU.Build.0 = Release|Any CPU
	EndGlobalSection
	GlobalSection(SolutionProperties) = preSolution
		HideSolutionNode = FALSE
	EndGlobalSection
	GlobalSection(ExtensibilityGlobals) = postSolution
		SolutionGuid = {8801FDEF-2AB6-4C8F-B4D1-B7600F62C176}
	EndGlobalSection
EndGlobal
