
Microsoft Visual Studio Solution File, Format Version 12.00
# Visual Studio Version 17
VisualStudioVersion = 17.0.32014.148
MinimumVisualStudioVersion = 10.0.40219.1
Project("{FAE04EC0-301F-11D3-BF4B-00C04F79EFBC}") = "Classes", "Classes\Classes.csproj", "{4B75FB8C-4B25-4623-9D31-587C376FEB2D}"
EndProject
Global
	GlobalSection(SolutionConfigurationPlatforms) = preSolution
		Debug|Any CPU = Debug|Any CPU
		Release|Any CPU = Release|Any CPU
	EndGlobalSection
	GlobalSection(ProjectConfigurationPlatforms) = postSolution
		{4B75FB8C-4B25-4623-9D31-587C376FEB2D}.Debug|Any CPU.ActiveCfg = Debug|Any CPU
		{4B75FB8C-4B25-4623-9D31-587C376FEB2D}.Debug|Any CPU.Build.0 = Debug|Any CPU
		{4B75FB8C-4B25-4623-9D31-587C376FEB2D}.Release|Any CPU.ActiveCfg = Release|Any CPU
		{4B75FB8C-4B25-4623-9D31-587C376FEB2D}.Release|Any CPU.Build.0 = Release|Any CPU
	EndGlobalSection
	GlobalSection(SolutionProperties) = preSolution
		HideSolutionNode = FALSE
	EndGlobalSection
	GlobalSection(ExtensibilityGlobals) = postSolution
		SolutionGuid = {73247FC0-09F3-44C9-8F0D-56EE829D0424}
	EndGlobalSection
EndGlobal
